# Tests pass with these versions 2024-01-31T03:50:49Z
hjson==3.1.0
mo-collections==5.454.23305
mo-dots==8.519.24031
mo-future==7.519.24031
mo-imports==5.519.24031
mo-json==6.451.23305
mo-kwargs==7.519.24031
mo-logs==8.451.23305
mo-math==7.450.23304
mo-testing==7.454.23305
mo-threads==6.453.23305
mo-times==5.451.23305
pip==23.3.2
setuptools==69.0.3