# Tests pass with these versions 2024-02-01T05:43:28Z
hjson==3.1.0
mo-collections==5.454.23305
mo-dots==9.520.24032
mo-future==7.520.24032
mo-imports==5.520.24032
mo-json==6.451.23305
mo-kwargs==7.450.23304
mo-logs==8.451.23305
mo-math==7.450.23304
mo-testing==7.454.23305
mo-threads==6.453.23305
mo-times==5.451.23305
pip==23.3.2
setuptools==69.0.3
wheel==0.42.0