# Tests pass with python 3.8 on 2025-06-15 and with these versions
# pip install --no-deps -r tests/requirements.lock
hjson==3.1.0
mo-collections==5.623.24125
mo-dots==10.685.25166
mo-future==7.685.25166
mo-imports==7.685.25166
mo-json==6.682.25104
mo-logs==8.678.25061
mo-math==7.678.25061
mo-testing==8.684.25166
mo-threads==6.682.25104
mo-times==5.682.25104
pytz==2024.1